
Microsoft Visual Studio Solution File, Format Version 12.00
# Visual Studio Version 17
VisualStudioVersion = 17.6.33801.468
MinimumVisualStudioVersion = 10.0.40219.1
Project("{FAE04EC0-301F-11D3-BF4B-00C04F79EFBC}") = "17.06 ADO", "17.06 ADO.csproj", "{163A5815-1908-4D3B-BC0F-76C8E91708A0}"
EndProject
Global
	GlobalSection(SolutionConfigurationPlatforms) = preSolution
		Debug|Any CPU = Debug|Any CPU
		Release|Any CPU = Release|Any CPU
	EndGlobalSection
	GlobalSection(ProjectConfigurationPlatforms) = postSolution
		{163A5815-1908-4D3B-BC0F-76C8E91708A0}.Debug|Any CPU.ActiveCfg = Debug|Any CPU
		{163A5815-1908-4D3B-BC0F-76C8E91708A0}.Debug|Any CPU.Build.0 = Debug|Any CPU
		{163A5815-1908-4D3B-BC0F-76C8E91708A0}.Release|Any CPU.ActiveCfg = Release|Any CPU
		{163A5815-1908-4D3B-BC0F-76C8E91708A0}.Release|Any CPU.Build.0 = Release|Any CPU
	EndGlobalSection
	GlobalSection(SolutionProperties) = preSolution
		HideSolutionNode = FALSE
	EndGlobalSection
	GlobalSection(ExtensibilityGlobals) = postSolution
		SolutionGuid = {ECC999C5-CADB-4A7B-8236-45B515B45CCE}
	EndGlobalSection
EndGlobal
